<?xml version="1.0" encoding="utf-8"?>
<Project ToolsVersion="4.0" xmlns="http://schemas.microsoft.com/developer/msbuild/2003">
  <ItemGroup>
    <Filter Include="源文件">
      <UniqueIdentifier>{4FC737F1-C7A5-4376-A066-2A32D752A2FF}</UniqueIdentifier>
      <Extensions>cpp;c;cc;cxx;c++;def;odl;idl;hpj;bat;asm;asmx</Extensions>
    </Filter>
    <Filter Include="头文件">
      <UniqueIdentifier>{93995380-89BD-4b04-88EB-625FBE52EBFB}</UniqueIdentifier>
      <Extensions>h;hh;hpp;hxx;h++;hm;inl;inc;ipp;xsd</Extensions>
    </Filter>
    <Filter Include="资源文件">
      <UniqueIdentifier>{67DA6AB6-F800-4c08-8B7A-83BB121AAD01}</UniqueIdentifier>
      <Extensions>rc;ico;cur;bmp;dlg;rc2;rct;bin;rgs;gif;jpg;jpeg;jpe;resx;tiff;tif;png;wav;mfcribbon-ms</Extensions>
    </Filter>
    <Filter Include="源文件\imgui">
      <UniqueIdentifier>{8066a663-9ded-4d3d-8d53-7a9fe19e2b43}</UniqueIdentifier>
    </Filter>
    <Filter Include="头文件\gl3w">
      <UniqueIdentifier>{2faa615f-9549-4514-8bb1-39b96d27ce9a}</UniqueIdentifier>
    </Filter>
    <Filter Include="头文件\core">
      <UniqueIdentifier>{aaa877c6-d3ae-45eb-bebb-8dd65ddbd053}</UniqueIdentifier>
    </Filter>
    <Filter Include="源文件\core">
      <UniqueIdentifier>{f62ebb91-beb1-4f79-9503-07d346c0166c}</UniqueIdentifier>
    </Filter>
    <Filter Include="头文件\nonEuclideanEngine">
      <UniqueIdentifier>{246caf9c-ad80-4dc6-95d5-454feb6d59e9}</UniqueIdentifier>
    </Filter>
    <Filter Include="源文件\nonEuclideanEngine">
      <UniqueIdentifier>{abcb643e-8b11-4e7c-b068-8ae53665b03e}</UniqueIdentifier>
    </Filter>
    <Filter Include="源文件\Shader">
      <UniqueIdentifier>{5400b2ef-0949-411d-aece-6735627b18f5}</UniqueIdentifier>
    </Filter>
    <Filter Include="头文件\nonEuclideanEngine\GlobalRenderer">
      <UniqueIdentifier>{3e36564d-f23b-47ef-b597-7a29d66851da}</UniqueIdentifier>
    </Filter>
    <Filter Include="源文件\nonEuclideanEngine\GlobalRenderer">
      <UniqueIdentifier>{b14b812f-562e-4a83-8cc6-ab4b27bd1b2d}</UniqueIdentifier>
    </Filter>
    <Filter Include="头文件\app">
      <UniqueIdentifier>{88218630-1788-4a41-8425-ad107ecb7026}</UniqueIdentifier>
    </Filter>
    <Filter Include="源文件\app">
      <UniqueIdentifier>{d2c0b5de-8297-43b6-9c16-a56f0aca1542}</UniqueIdentifier>
    </Filter>
  </ItemGroup>
  <ItemGroup>
    <ClCompile Include="include\_deps\imgui\imgui.cpp">
      <Filter>源文件\imgui</Filter>
    </ClCompile>
    <ClCompile Include="include\_deps\imgui\imgui_demo.cpp">
      <Filter>源文件\imgui</Filter>
    </ClCompile>
    <ClCompile Include="include\_deps\imgui\imgui_draw.cpp">
      <Filter>源文件\imgui</Filter>
    </ClCompile>
    <ClCompile Include="include\_deps\imgui\imgui_impl_glfw.cpp">
      <Filter>源文件\imgui</Filter>
    </ClCompile>
    <ClCompile Include="include\_deps\imgui\imgui_impl_opengl3.cpp">
      <Filter>源文件\imgui</Filter>
    </ClCompile>
    <ClCompile Include="include\_deps\imgui\imgui_widgets.cpp">
      <Filter>源文件\imgui</Filter>
    </ClCompile>
    <ClCompile Include="include\_deps\gl3w\GL\gl3w.c">
      <Filter>头文件\gl3w</Filter>
    </ClCompile>
    <ClCompile Include="src\core\Mesh.cpp">
      <Filter>源文件\core</Filter>
    </ClCompile>
    <ClCompile Include="src\nonEuclideanEngine\shader.cpp">
      <Filter>源文件\nonEuclideanEngine</Filter>
    </ClCompile>
    <ClCompile Include="src\nonEuclideanEngine\world.cpp">
      <Filter>源文件\nonEuclideanEngine</Filter>
    </ClCompile>
    <ClCompile Include="src\nonEuclideanEngine\WorldExample.cpp">
      <Filter>源文件\nonEuclideanEngine</Filter>
    </ClCompile>
    <ClCompile Include="src\core\transform.cpp">
      <Filter>源文件\core</Filter>
    </ClCompile>
    <ClCompile Include="src\nonEuclideanEngine\camera.cpp">
      <Filter>源文件\nonEuclideanEngine</Filter>
    </ClCompile>
    <ClCompile Include="src\core\Texture2D.cpp">
      <Filter>源文件\core</Filter>
    </ClCompile>
    <ClCompile Include="src\main.cpp">
      <Filter>源文件</Filter>
    </ClCompile>
    <ClCompile Include="src\core\AreaLight.cpp">
      <Filter>源文件\core</Filter>
    </ClCompile>
    <ClCompile Include="src\core\Object.cpp">
      <Filter>源文件\core</Filter>
    </ClCompile>
    <ClCompile Include="src\core\Material.cpp">
      <Filter>源文件\core</Filter>
    </ClCompile>
    <ClCompile Include="src\core\gl.cpp">
      <Filter>源文件\core</Filter>
    </ClCompile>
    <ClCompile Include="src\nonEuclideanEngine\GlobalRenderer\RayTracer.cpp">
      <Filter>源文件\nonEuclideanEngine\GlobalRenderer</Filter>
    </ClCompile>
    <ClCompile Include="src\nonEuclideanEngine\Engine.cpp">
      <Filter>源文件\nonEuclideanEngine</Filter>
    </ClCompile>
    <ClCompile Include="src\app\AutoCameraController.cpp">
      <Filter>源文件\app</Filter>
    </ClCompile>
  </ItemGroup>
  <ItemGroup>
    <ClInclude Include="include\_deps\imgui\imconfig.h">
      <Filter>源文件\imgui</Filter>
    </ClInclude>
    <ClInclude Include="include\_deps\imgui\imgui.h">
      <Filter>源文件\imgui</Filter>
    </ClInclude>
    <ClInclude Include="include\_deps\imgui\imgui_impl_glfw.h">
      <Filter>源文件\imgui</Filter>
    </ClInclude>
    <ClInclude Include="include\_deps\imgui\imgui_impl_opengl3.h">
      <Filter>源文件\imgui</Filter>
    </ClInclude>
    <ClInclude Include="include\_deps\imgui\imgui_internal.h">
      <Filter>源文件\imgui</Filter>
    </ClInclude>
    <ClInclude Include="include\_deps\imgui\imstb_rectpack.h">
      <Filter>源文件\imgui</Filter>
    </ClInclude>
    <ClInclude Include="include\_deps\imgui\imstb_textedit.h">
      <Filter>源文件\imgui</Filter>
    </ClInclude>
    <ClInclude Include="include\_deps\imgui\imstb_truetype.h">
      <Filter>源文件\imgui</Filter>
    </ClInclude>
    <ClInclude Include="include\_deps\gl3w\GL\gl3w.h">
      <Filter>头文件\gl3w</Filter>
    </ClInclude>
    <ClInclude Include="include\_deps\gl3w\GL\glcorearb.h">
      <Filter>头文件\gl3w</Filter>
    </ClInclude>
    <ClInclude Include="include\core\vec.h">
      <Filter>头文件\core</Filter>
    </ClInclude>
    <ClInclude Include="include\core\mat.h">
      <Filter>头文件\core</Filter>
    </ClInclude>
    <ClInclude Include="include\core\func.h">
      <Filter>头文件\core</Filter>
    </ClInclude>
    <ClInclude Include="include\core\geometry.h">
      <Filter>头文件\core</Filter>
    </ClInclude>
    <ClInclude Include="include\nonEuclideanEngine\world.h">
      <Filter>头文件\nonEuclideanEngine</Filter>
    </ClInclude>
    <ClInclude Include="include\core\tensor.h">
      <Filter>头文件\core</Filter>
    </ClInclude>
    <ClInclude Include="include\core\Mesh.h">
      <Filter>头文件\core</Filter>
    </ClInclude>
    <ClInclude Include="include\nonEuclideanEngine\Engine.h">
      <Filter>头文件\nonEuclideanEngine</Filter>
    </ClInclude>
    <ClInclude Include="include\nonEuclideanEngine\shader.hpp">
      <Filter>头文件\nonEuclideanEngine</Filter>
    </ClInclude>
    <ClInclude Include="include\core\transform.h">
      <Filter>头文件\core</Filter>
    </ClInclude>
    <ClInclude Include="include\nonEuclideanEngine\WorldExample.h">
      <Filter>头文件\nonEuclideanEngine</Filter>
    </ClInclude>
    <ClInclude Include="include\nonEuclideanEngine\camera.h">
      <Filter>头文件\nonEuclideanEngine</Filter>
    </ClInclude>
    <ClInclude Include="include\core\AreaLight.h">
      <Filter>头文件\core</Filter>
    </ClInclude>
    <ClInclude Include="include\core\Texture2D.h">
      <Filter>头文件\core</Filter>
    </ClInclude>
    <ClInclude Include="include\core\rgb.h">
      <Filter>头文件\core</Filter>
    </ClInclude>
    <ClInclude Include="include\core\primitive.h">
      <Filter>头文件\core</Filter>
    </ClInclude>
    <ClInclude Include="include\nonEuclideanEngine\GlobalRenderer\RayTracer.h">
      <Filter>头文件\nonEuclideanEngine\GlobalRenderer</Filter>
    </ClInclude>
    <ClInclude Include="include\core\Object.h">
      <Filter>头文件\core</Filter>
    </ClInclude>
    <ClInclude Include="include\core\Obj.h">
      <Filter>头文件\core</Filter>
    </ClInclude>
    <ClInclude Include="include\core\Material.h">
      <Filter>头文件\core</Filter>
    </ClInclude>
    <ClInclude Include="include\core\gl.h">
      <Filter>头文件\core</Filter>
    </ClInclude>
    <ClInclude Include="include\app\AutoCameraController.h">
      <Filter>头文件\app</Filter>
    </ClInclude>
  </ItemGroup>
  <ItemGroup>
    <None Include="include\core\mat.inl">
      <Filter>头文件\core</Filter>
    </None>
    <None Include="include\core\vec.inl">
      <Filter>头文件\core</Filter>
    </None>
    <None Include="include\Shader\fragment.frag">
      <Filter>源文件\Shader</Filter>
    </None>
    <None Include="include\Shader\vertex.vert">
      <Filter>源文件\Shader</Filter>
    </None>
  </ItemGroup>
</Project>